
Microsoft Visual Studio Solution File, Format Version 12.00
# Visual Studio 15
VisualStudioVersion = 15.0.27703.2018
MinimumVisualStudioVersion = 10.0.40219.1
Project("{FAE04EC0-301F-11D3-BF4B-00C04F79EFBC}") = "Education", "Education\Education.csproj", "{374DDC59-0787-47A5-8C78-5083404538E8}"
EndProject
Global
	GlobalSection(SolutionConfigurationPlatforms) = preSolution
		Debug|Any CPU = Debug|Any CPU
		Release|Any CPU = Release|Any CPU
	EndGlobalSection
	GlobalSection(ProjectConfigurationPlatforms) = postSolution
		{374DDC59-0787-47A5-8C78-5083404538E8}.Debug|Any CPU.ActiveCfg = Debug|Any CPU
		{374DDC59-0787-47A5-8C78-5083404538E8}.Debug|Any CPU.Build.0 = Debug|Any CPU
		{374DDC59-0787-47A5-8C78-5083404538E8}.Release|Any CPU.ActiveCfg = Release|Any CPU
		{374DDC59-0787-47A5-8C78-5083404538E8}.Release|Any CPU.Build.0 = Release|Any CPU
	EndGlobalSection
	GlobalSection(SolutionProperties) = preSolution
		HideSolutionNode = FALSE
	EndGlobalSection
	GlobalSection(ExtensibilityGlobals) = postSolution
		SolutionGuid = {88188556-8CAD-402D-9E0F-F3942B5F28D6}
	EndGlobalSection
EndGlobal
